
Microsoft Visual Studio Solution File, Format Version 11.00
# Visual Studio 2010
Project("{FAE04EC0-301F-11D3-BF4B-00C04F79EFBC}") = "Brage.ThreeJsCube", "Brage.ThreeJsCube\Brage.ThreeJsCube.csproj", "{BF55A3B4-5D89-4304-8016-63CF410ABA1D}"
EndProject
Global
	GlobalSection(SolutionConfigurationPlatforms) = preSolution
		Debug|Any CPU = Debug|Any CPU
		Release|Any CPU = Release|Any CPU
	EndGlobalSection
	GlobalSection(ProjectConfigurationPlatforms) = postSolution
		{BF55A3B4-5D89-4304-8016-63CF410ABA1D}.Debug|Any CPU.ActiveCfg = Debug|Any CPU
		{BF55A3B4-5D89-4304-8016-63CF410ABA1D}.Debug|Any CPU.Build.0 = Debug|Any CPU
		{BF55A3B4-5D89-4304-8016-63CF410ABA1D}.Release|Any CPU.ActiveCfg = Release|Any CPU
		{BF55A3B4-5D89-4304-8016-63CF410ABA1D}.Release|Any CPU.Build.0 = Release|Any CPU
	EndGlobalSection
	GlobalSection(SolutionProperties) = preSolution
		HideSolutionNode = FALSE
	EndGlobalSection
EndGlobal
